
Microsoft Visual Studio Solution File, Format Version 12.00
# Visual Studio Version 16
VisualStudioVersion = 16.0.29613.14
MinimumVisualStudioVersion = 10.0.40219.1
Project("{FAE04EC0-301F-11D3-BF4B-00C04F79EFBC}") = "Zone.UmbracoPersonalisationGroups.V7", "Zone.UmbracoPersonalisationGroups\Zone.UmbracoPersonalisationGroups.V7.csproj", "{0988C56B-0E20-4786-B653-9EEBFBC4E791}"
EndProject
Project("{FAE04EC0-301F-11D3-BF4B-00C04F79EFBC}") = "Zone.UmbracoPersonalisationGroups.Common.Tests", "Zone.UmbracoPersonalisationGroups.Tests\Zone.UmbracoPersonalisationGroups.Common.Tests.csproj", "{BED5253A-45B6-4D03-A3FB-3DD99CE1D9A0}"
EndProject
Project("{FAE04EC0-301F-11D3-BF4B-00C04F79EFBC}") = "TestWebAppWithPackage", "TestWebAppWithPackage\TestWebAppWithPackage.csproj", "{D9D26085-B3D6-4ABE-92F8-CBA2AD73BAE4}"
EndProject
Project("{2150E333-8FDC-42A3-9474-1A3956D46DE8}") = ".nuget", ".nuget", "{642616F5-7BBA-4917-BA3E-46114B112AF3}"
	ProjectSection(SolutionItems) = preProject
		.nuget\NuGet.Config = .nuget\NuGet.Config
		.nuget\NuGet.exe = .nuget\NuGet.exe
		.nuget\NuGet.targets = .nuget\NuGet.targets
	EndProjectSection
EndProject
Project("{FAE04EC0-301F-11D3-BF4B-00C04F79EFBC}") = "Zone.UmbracoPersonalisationGroups.Common", "Zone.UmbracoPersonalisationGroups.Common\Zone.UmbracoPersonalisationGroups.Common.csproj", "{2084E9EE-1E69-40B4-9AE0-D7A2CD24F9F0}"
EndProject
Project("{FAE04EC0-301F-11D3-BF4B-00C04F79EFBC}") = "Zone.UmbracoPersonalisationGroups.V7.Tests", "Zone.UmbracoPersonalisationGroups.V7.Tests\Zone.UmbracoPersonalisationGroups.V7.Tests.csproj", "{FE7A2310-AE4B-43E4-8498-3882374D5AAF}"
EndProject
Project("{2150E333-8FDC-42A3-9474-1A3956D46DE8}") = "WebApps", "WebApps", "{B7DC82CE-00B2-41C3-8A92-76EB6A2CA2FE}"
EndProject
Project("{2150E333-8FDC-42A3-9474-1A3956D46DE8}") = "Tests", "Tests", "{1A034002-EC0A-4E9B-AC1C-A27D004E34CD}"
EndProject
Project("{FAE04EC0-301F-11D3-BF4B-00C04F79EFBC}") = "Zone.UmbracoPersonalisationGroups.V8", "Zone.UmbracoPersonalisationGroups.V8\Zone.UmbracoPersonalisationGroups.V8.csproj", "{1AD831EB-9F9B-42BE-A4BE-B04F2E9FE2BC}"
EndProject
Project("{FAE04EC0-301F-11D3-BF4B-00C04F79EFBC}") = "Zone.UmbracoPersonalisationGroups.V8.Tests", "Zone.UmbracoPersonalisationGroups.V8.Tests\Zone.UmbracoPersonalisationGroups.V8.Tests.csproj", "{EFAD4F7E-D94E-49DE-B613-EAA1D3A37AE7}"
EndProject
Project("{FAE04EC0-301F-11D3-BF4B-00C04F79EFBC}") = "TestWebApp8.0", "TestWebApp8.0\TestWebApp8.0.csproj", "{61FC0DD3-EF2E-4710-886C-EEA95802FC67}"
EndProject
Project("{FAE04EC0-301F-11D3-BF4B-00C04F79EFBC}") = "TestWebApp", "TestWebApp\TestWebApp.csproj", "{B73FAD25-37A9-4A72-8FA8-06F2205E9300}"
EndProject
Project("{2150E333-8FDC-42A3-9474-1A3956D46DE8}") = "Solution Items", "Solution Items", "{374D287E-2BCB-4ACC-9DE0-758AA841C177}"
	ProjectSection(SolutionItems) = preProject
		ReadMe.md = ReadMe.md
	EndProjectSection
EndProject
Project("{F184B08F-C81C-45F6-A57F-5ABD9991F28F}") = "TestWebApp8.5.3", "TestWebApp8.5.3\TestWebApp8.5.3.vbproj", "{F1678DAB-C107-4250-8BB4-44F345D76A92}"
EndProject
Global
	GlobalSection(SolutionConfigurationPlatforms) = preSolution
		Debug|Any CPU = Debug|Any CPU
		Release|Any CPU = Release|Any CPU
	EndGlobalSection
	GlobalSection(ProjectConfigurationPlatforms) = postSolution
		{0988C56B-0E20-4786-B653-9EEBFBC4E791}.Debug|Any CPU.ActiveCfg = Debug|Any CPU
		{0988C56B-0E20-4786-B653-9EEBFBC4E791}.Debug|Any CPU.Build.0 = Debug|Any CPU
		{0988C56B-0E20-4786-B653-9EEBFBC4E791}.Release|Any CPU.ActiveCfg = Release|Any CPU
		{0988C56B-0E20-4786-B653-9EEBFBC4E791}.Release|Any CPU.Build.0 = Release|Any CPU
		{BED5253A-45B6-4D03-A3FB-3DD99CE1D9A0}.Debug|Any CPU.ActiveCfg = Debug|Any CPU
		{BED5253A-45B6-4D03-A3FB-3DD99CE1D9A0}.Debug|Any CPU.Build.0 = Debug|Any CPU
		{BED5253A-45B6-4D03-A3FB-3DD99CE1D9A0}.Release|Any CPU.ActiveCfg = Release|Any CPU
		{BED5253A-45B6-4D03-A3FB-3DD99CE1D9A0}.Release|Any CPU.Build.0 = Release|Any CPU
		{D9D26085-B3D6-4ABE-92F8-CBA2AD73BAE4}.Debug|Any CPU.ActiveCfg = Debug|Any CPU
		{D9D26085-B3D6-4ABE-92F8-CBA2AD73BAE4}.Debug|Any CPU.Build.0 = Debug|Any CPU
		{D9D26085-B3D6-4ABE-92F8-CBA2AD73BAE4}.Release|Any CPU.ActiveCfg = Release|Any CPU
		{D9D26085-B3D6-4ABE-92F8-CBA2AD73BAE4}.Release|Any CPU.Build.0 = Release|Any CPU
		{2084E9EE-1E69-40B4-9AE0-D7A2CD24F9F0}.Debug|Any CPU.ActiveCfg = Debug|Any CPU
		{2084E9EE-1E69-40B4-9AE0-D7A2CD24F9F0}.Debug|Any CPU.Build.0 = Debug|Any CPU
		{2084E9EE-1E69-40B4-9AE0-D7A2CD24F9F0}.Release|Any CPU.ActiveCfg = Release|Any CPU
		{2084E9EE-1E69-40B4-9AE0-D7A2CD24F9F0}.Release|Any CPU.Build.0 = Release|Any CPU
		{FE7A2310-AE4B-43E4-8498-3882374D5AAF}.Debug|Any CPU.ActiveCfg = Debug|Any CPU
		{FE7A2310-AE4B-43E4-8498-3882374D5AAF}.Debug|Any CPU.Build.0 = Debug|Any CPU
		{FE7A2310-AE4B-43E4-8498-3882374D5AAF}.Release|Any CPU.ActiveCfg = Release|Any CPU
		{FE7A2310-AE4B-43E4-8498-3882374D5AAF}.Release|Any CPU.Build.0 = Release|Any CPU
		{1AD831EB-9F9B-42BE-A4BE-B04F2E9FE2BC}.Debug|Any CPU.ActiveCfg = Debug|Any CPU
		{1AD831EB-9F9B-42BE-A4BE-B04F2E9FE2BC}.Debug|Any CPU.Build.0 = Debug|Any CPU
		{1AD831EB-9F9B-42BE-A4BE-B04F2E9FE2BC}.Release|Any CPU.ActiveCfg = Release|Any CPU
		{1AD831EB-9F9B-42BE-A4BE-B04F2E9FE2BC}.Release|Any CPU.Build.0 = Release|Any CPU
		{EFAD4F7E-D94E-49DE-B613-EAA1D3A37AE7}.Debug|Any CPU.ActiveCfg = Debug|Any CPU
		{EFAD4F7E-D94E-49DE-B613-EAA1D3A37AE7}.Debug|Any CPU.Build.0 = Debug|Any CPU
		{EFAD4F7E-D94E-49DE-B613-EAA1D3A37AE7}.Release|Any CPU.ActiveCfg = Release|Any CPU
		{EFAD4F7E-D94E-49DE-B613-EAA1D3A37AE7}.Release|Any CPU.Build.0 = Release|Any CPU
		{61FC0DD3-EF2E-4710-886C-EEA95802FC67}.Debug|Any CPU.ActiveCfg = Debug|Any CPU
		{61FC0DD3-EF2E-4710-886C-EEA95802FC67}.Debug|Any CPU.Build.0 = Debug|Any CPU
		{61FC0DD3-EF2E-4710-886C-EEA95802FC67}.Release|Any CPU.ActiveCfg = Release|Any CPU
		{61FC0DD3-EF2E-4710-886C-EEA95802FC67}.Release|Any CPU.Build.0 = Release|Any CPU
		{B73FAD25-37A9-4A72-8FA8-06F2205E9300}.Debug|Any CPU.ActiveCfg = Debug|Any CPU
		{B73FAD25-37A9-4A72-8FA8-06F2205E9300}.Debug|Any CPU.Build.0 = Debug|Any CPU
		{B73FAD25-37A9-4A72-8FA8-06F2205E9300}.Release|Any CPU.ActiveCfg = Release|Any CPU
		{B73FAD25-37A9-4A72-8FA8-06F2205E9300}.Release|Any CPU.Build.0 = Release|Any CPU
		{F1678DAB-C107-4250-8BB4-44F345D76A92}.Debug|Any CPU.ActiveCfg = Debug|Any CPU
		{F1678DAB-C107-4250-8BB4-44F345D76A92}.Debug|Any CPU.Build.0 = Debug|Any CPU
		{F1678DAB-C107-4250-8BB4-44F345D76A92}.Release|Any CPU.ActiveCfg = Release|Any CPU
		{F1678DAB-C107-4250-8BB4-44F345D76A92}.Release|Any CPU.Build.0 = Release|Any CPU
	EndGlobalSection
	GlobalSection(SolutionProperties) = preSolution
		HideSolutionNode = FALSE
	EndGlobalSection
	GlobalSection(NestedProjects) = preSolution
		{BED5253A-45B6-4D03-A3FB-3DD99CE1D9A0} = {1A034002-EC0A-4E9B-AC1C-A27D004E34CD}
		{D9D26085-B3D6-4ABE-92F8-CBA2AD73BAE4} = {B7DC82CE-00B2-41C3-8A92-76EB6A2CA2FE}
		{FE7A2310-AE4B-43E4-8498-3882374D5AAF} = {1A034002-EC0A-4E9B-AC1C-A27D004E34CD}
		{EFAD4F7E-D94E-49DE-B613-EAA1D3A37AE7} = {1A034002-EC0A-4E9B-AC1C-A27D004E34CD}
		{61FC0DD3-EF2E-4710-886C-EEA95802FC67} = {B7DC82CE-00B2-41C3-8A92-76EB6A2CA2FE}
		{B73FAD25-37A9-4A72-8FA8-06F2205E9300} = {B7DC82CE-00B2-41C3-8A92-76EB6A2CA2FE}
		{F1678DAB-C107-4250-8BB4-44F345D76A92} = {B7DC82CE-00B2-41C3-8A92-76EB6A2CA2FE}
	EndGlobalSection
	GlobalSection(ExtensibilityGlobals) = postSolution
		SolutionGuid = {D8E675ED-F590-40CB-86E9-16D4FB036E63}
	EndGlobalSection
EndGlobal
